// !$*UTF8*$!
{
	archiveVersion = 1;
	classes = {
	};
	objectVersion = 50;
	objects = {

/* Begin PBXBuildFile section */
		94CD360921A5C1D9006BB2A3 /* AppDelegate.swift in Sources */ = {isa = PBXBuildFile; fileRef = 94CD360821A5C1D9006BB2A3 /* AppDelegate.swift */; };
		94CD360B21A5C1D9006BB2A3 /* ViewController.swift in Sources */ = {isa = PBXBuildFile; fileRef = 94CD360A21A5C1D9006BB2A3 /* ViewController.swift */; };
		94CD360E21A5C1D9006BB2A3 /* Main.storyboard in Resources */ = {isa = PBXBuildFile; fileRef = 94CD360C21A5C1D9006BB2A3 /* Main.storyboard */; };
		94CD361021A5C1DA006BB2A3 /* Assets.xcassets in Resources */ = {isa = PBXBuildFile; fileRef = 94CD360F21A5C1DA006BB2A3 /* Assets.xcassets */; };
		94CD361321A5C1DA006BB2A3 /* LaunchScreen.storyboard in Resources */ = {isa = PBXBuildFile; fileRef = 94CD361121A5C1DA006BB2A3 /* LaunchScreen.storyboard */; };
		94CD361E21A5C1DA006BB2A3 /* TutorialAndTestingTests.swift in Sources */ = {isa = PBXBuildFile; fileRef = 94CD361D21A5C1DA006BB2A3 /* TutorialAndTestingTests.swift */; };
		94CD362921A5C1DA006BB2A3 /* TutorialAndTestingUITests.swift in Sources */ = {isa = PBXBuildFile; fileRef = 94CD362821A5C1DA006BB2A3 /* TutorialAndTestingUITests.swift */; };
/* End PBXBuildFile section */

/* Begin PBXContainerItemProxy section */
		94CD361A21A5C1DA006BB2A3 /* PBXContainerItemProxy */ = {
			isa = PBXContainerItemProxy;
			containerPortal = 94CD35FD21A5C1D9006BB2A3 /* Project object */;
			proxyType = 1;
			remoteGlobalIDString = 94CD360421A5C1D9006BB2A3;
			remoteInfo = TutorialAndTesting;
		};
		94CD362521A5C1DA006BB2A3 /* PBXContainerItemProxy */ = {
			isa = PBXContainerItemProxy;
			containerPortal = 94CD35FD21A5C1D9006BB2A3 /* Project object */;
			proxyType = 1;
			remoteGlobalIDString = 94CD360421A5C1D9006BB2A3;
			remoteInfo = TutorialAndTesting;
		};
/* End PBXContainerItemProxy section */

/* Begin PBXFileReference section */
		94CD360521A5C1D9006BB2A3 /* TutorialAndTesting.app */ = {isa = PBXFileReference; explicitFileType = wrapper.application; includeInIndex = 0; path = TutorialAndTesting.app; sourceTree = BUILT_PRODUCTS_DIR; };
		94CD360821A5C1D9006BB2A3 /* AppDelegate.swift */ = {isa = PBXFileReference; lastKnownFileType = sourcecode.swift; path = AppDelegate.swift; sourceTree = "<group>"; };
		94CD360A21A5C1D9006BB2A3 /* ViewController.swift */ = {isa = PBXFileReference; lastKnownFileType = sourcecode.swift; path = ViewController.swift; sourceTree = "<group>"; };
		94CD360D21A5C1D9006BB2A3 /* Base */ = {isa = PBXFileReference; lastKnownFileType = file.storyboard; name = Base; path = Base.lproj/Main.storyboard; sourceTree = "<group>"; };
		94CD360F21A5C1DA006BB2A3 /* Assets.xcassets */ = {isa = PBXFileReference; lastKnownFileType = folder.assetcatalog; path = Assets.xcassets; sourceTree = "<group>"; };
		94CD361221A5C1DA006BB2A3 /* Base */ = {isa = PBXFileReference; lastKnownFileType = file.storyboard; name = Base; path = Base.lproj/LaunchScreen.storyboard; sourceTree = "<group>"; };
		94CD361421A5C1DA006BB2A3 /* Info.plist */ = {isa = PBXFileReference; lastKnownFileType = text.plist.xml; path = Info.plist; sourceTree = "<group>"; };
		94CD361921A5C1DA006BB2A3 /* TutorialAndTestingTests.xctest */ = {isa = PBXFileReference; explicitFileType = wrapper.cfbundle; includeInIndex = 0; path = TutorialAndTestingTests.xctest; sourceTree = BUILT_PRODUCTS_DIR; };
		94CD361D21A5C1DA006BB2A3 /* TutorialAndTestingTests.swift */ = {isa = PBXFileReference; lastKnownFileType = sourcecode.swift; path = TutorialAndTestingTests.swift; sourceTree = "<group>"; };
		94CD361F21A5C1DA006BB2A3 /* Info.plist */ = {isa = PBXFileReference; lastKnownFileType = text.plist.xml; path = Info.plist; sourceTree = "<group>"; };
		94CD362421A5C1DA006BB2A3 /* TutorialAndTestingUITests.xctest */ = {isa = PBXFileReference; explicitFileType = wrapper.cfbundle; includeInIndex = 0; path = TutorialAndTestingUITests.xctest; sourceTree = BUILT_PRODUCTS_DIR; };
		94CD362821A5C1DA006BB2A3 /* TutorialAndTestingUITests.swift */ = {isa = PBXFileReference; lastKnownFileType = sourcecode.swift; path = TutorialAndTestingUITests.swift; sourceTree = "<group>"; };
		94CD362A21A5C1DA006BB2A3 /* Info.plist */ = {isa = PBXFileReference; lastKnownFileType = text.plist.xml; path = Info.plist; sourceTree = "<group>"; };
/* End PBXFileReference section */

/* Begin PBXFrameworksBuildPhase section */
		94CD360221A5C1D9006BB2A3 /* Frameworks */ = {
			isa = PBXFrameworksBuildPhase;
			buildActionMask = 2147483647;
			files = (
			);
			runOnlyForDeploymentPostprocessing = 0;
		};
		94CD361621A5C1DA006BB2A3 /* Frameworks */ = {
			isa = PBXFrameworksBuildPhase;
			buildActionMask = 2147483647;
			files = (
			);
			runOnlyForDeploymentPostprocessing = 0;
		};
		94CD362121A5C1DA006BB2A3 /* Frameworks */ = {
			isa = PBXFrameworksBuildPhase;
			buildActionMask = 2147483647;
			files = (
			);
			runOnlyForDeploymentPostprocessing = 0;
		};
/* End PBXFrameworksBuildPhase section */

/* Begin PBXGroup section */
		94CD35FC21A5C1D9006BB2A3 = {
			isa = PBXGroup;
			children = (
				94CD360721A5C1D9006BB2A3 /* TutorialAndTesting */,
				94CD361C21A5C1DA006BB2A3 /* TutorialAndTestingTests */,
				94CD362721A5C1DA006BB2A3 /* TutorialAndTestingUITests */,
				94CD360621A5C1D9006BB2A3 /* Products */,
			);
			sourceTree = "<group>";
		};
		94CD360621A5C1D9006BB2A3 /* Products */ = {
			isa = PBXGroup;
			children = (
				94CD360521A5C1D9006BB2A3 /* TutorialAndTesting.app */,
				94CD361921A5C1DA006BB2A3 /* TutorialAndTestingTests.xctest */,
				94CD362421A5C1DA006BB2A3 /* TutorialAndTestingUITests.xctest */,
			);
			name = Products;
			sourceTree = "<group>";
		};
		94CD360721A5C1D9006BB2A3 /* TutorialAndTesting */ = {
			isa = PBXGroup;
			children = (
				94CD360821A5C1D9006BB2A3 /* AppDelegate.swift */,
				94CD360A21A5C1D9006BB2A3 /* ViewController.swift */,
				94CD360C21A5C1D9006BB2A3 /* Main.storyboard */,
				94CD360F21A5C1DA006BB2A3 /* Assets.xcassets */,
				94CD361121A5C1DA006BB2A3 /* LaunchScreen.storyboard */,
				94CD361421A5C1DA006BB2A3 /* Info.plist */,
			);
			path = TutorialAndTesting;
			sourceTree = "<group>";
		};
		94CD361C21A5C1DA006BB2A3 /* TutorialAndTestingTests */ = {
			isa = PBXGroup;
			children = (
				94CD361D21A5C1DA006BB2A3 /* TutorialAndTestingTests.swift */,
				94CD361F21A5C1DA006BB2A3 /* Info.plist */,
			);
			path = TutorialAndTestingTests;
			sourceTree = "<group>";
		};
		94CD362721A5C1DA006BB2A3 /* TutorialAndTestingUITests */ = {
			isa = PBXGroup;
			children = (
				94CD362821A5C1DA006BB2A3 /* TutorialAndTestingUITests.swift */,
				94CD362A21A5C1DA006BB2A3 /* Info.plist */,
			);
			path = TutorialAndTestingUITests;
			sourceTree = "<group>";
		};
/* End PBXGroup section */

/* Begin PBXNativeTarget section */
		94CD360421A5C1D9006BB2A3 /* TutorialAndTesting */ = {
			isa = PBXNativeTarget;
			buildConfigurationList = 94CD362D21A5C1DA006BB2A3 /* Build configuration list for PBXNativeTarget "TutorialAndTesting" */;
			buildPhases = (
				94CD360121A5C1D9006BB2A3 /* Sources */,
				94CD360221A5C1D9006BB2A3 /* Frameworks */,
				94CD360321A5C1D9006BB2A3 /* Resources */,
			);
			buildRules = (
			);
			dependencies = (
			);
			name = TutorialAndTesting;
			productName = TutorialAndTesting;
			productReference = 94CD360521A5C1D9006BB2A3 /* TutorialAndTesting.app */;
			productType = "com.apple.product-type.application";
		};
		94CD361821A5C1DA006BB2A3 /* TutorialAndTestingTests */ = {
			isa = PBXNativeTarget;
			buildConfigurationList = 94CD363021A5C1DA006BB2A3 /* Build configuration list for PBXNativeTarget "TutorialAndTestingTests" */;
			buildPhases = (
				94CD361521A5C1DA006BB2A3 /* Sources */,
				94CD361621A5C1DA006BB2A3 /* Frameworks */,
				94CD361721A5C1DA006BB2A3 /* Resources */,
			);
			buildRules = (
			);
			dependencies = (
				94CD361B21A5C1DA006BB2A3 /* PBXTargetDependency */,
			);
			name = TutorialAndTestingTests;
			productName = TutorialAndTestingTests;
			productReference = 94CD361921A5C1DA006BB2A3 /* TutorialAndTestingTests.xctest */;
			productType = "com.apple.product-type.bundle.unit-test";
		};
		94CD362321A5C1DA006BB2A3 /* TutorialAndTestingUITests */ = {
			isa = PBXNativeTarget;
			buildConfigurationList = 94CD363321A5C1DA006BB2A3 /* Build configuration list for PBXNativeTarget "TutorialAndTestingUITests" */;
			buildPhases = (
				94CD362021A5C1DA006BB2A3 /* Sources */,
				94CD362121A5C1DA006BB2A3 /* Frameworks */,
				94CD362221A5C1DA006BB2A3 /* Resources */,
			);
			buildRules = (
			);
			dependencies = (
				94CD362621A5C1DA006BB2A3 /* PBXTargetDependency */,
			);
			name = TutorialAndTestingUITests;
			productName = TutorialAndTestingUITests;
			productReference = 94CD362421A5C1DA006BB2A3 /* TutorialAndTestingUITests.xctest */;
			productType = "com.apple.product-type.bundle.ui-testing";
		};
/* End PBXNativeTarget section */

/* Begin PBXProject section */
		94CD35FD21A5C1D9006BB2A3 /* Project object */ = {
			isa = PBXProject;
			attributes = {
				LastSwiftUpdateCheck = 1010;
				LastUpgradeCheck = 1010;
				ORGANIZATIONNAME = "Dimitris Tasios";
				TargetAttributes = {
					94CD360421A5C1D9006BB2A3 = {
						CreatedOnToolsVersion = 10.1;
					};
					94CD361821A5C1DA006BB2A3 = {
						CreatedOnToolsVersion = 10.1;
						TestTargetID = 94CD360421A5C1D9006BB2A3;
					};
					94CD362321A5C1DA006BB2A3 = {
						CreatedOnToolsVersion = 10.1;
						TestTargetID = 94CD360421A5C1D9006BB2A3;
					};
				};
			};
			buildConfigurationList = 94CD360021A5C1D9006BB2A3 /* Build configuration list for PBXProject "TutorialAndTesting" */;
			compatibilityVersion = "Xcode 9.3";
			developmentRegion = en;
			hasScannedForEncodings = 0;
			knownRegions = (
				en,
				Base,
			);
			mainGroup = 94CD35FC21A5C1D9006BB2A3;
			productRefGroup = 94CD360621A5C1D9006BB2A3 /* Products */;
			projectDirPath = "";
			projectRoot = "";
			targets = (
				94CD360421A5C1D9006BB2A3 /* TutorialAndTesting */,
				94CD361821A5C1DA006BB2A3 /* TutorialAndTestingTests */,
				94CD362321A5C1DA006BB2A3 /* TutorialAndTestingUITests */,
			);
		};
/* End PBXProject section */

/* Begin PBXResourcesBuildPhase section */
		94CD360321A5C1D9006BB2A3 /* Resources */ = {
			isa = PBXResourcesBuildPhase;
			buildActionMask = 2147483647;
			files = (
				94CD361321A5C1DA006BB2A3 /* LaunchScreen.storyboard in Resources */,
				94CD361021A5C1DA006BB2A3 /* Assets.xcassets in Resources */,
				94CD360E21A5C1D9006BB2A3 /* Main.storyboard in Resources */,
			);
			runOnlyForDeploymentPostprocessing = 0;
		};
		94CD361721A5C1DA006BB2A3 /* Resources */ = {
			isa = PBXResourcesBuildPhase;
			buildActionMask = 2147483647;
			files = (
			);
			runOnlyForDeploymentPostprocessing = 0;
		};
		94CD362221A5C1DA006BB2A3 /* Resources */ = {
			isa = PBXResourcesBuildPhase;
			buildActionMask = 2147483647;
			files = (
			);
			runOnlyForDeploymentPostprocessing = 0;
		};
/* End PBXResourcesBuildPhase section */

/* Begin PBXSourcesBuildPhase section */
		94CD360121A5C1D9006BB2A3 /* Sources */ = {
			isa = PBXSourcesBuildPhase;
			buildActionMask = 2147483647;
			files = (
				94CD360B21A5C1D9006BB2A3 /* ViewController.swift in Sources */,
				94CD360921A5C1D9006BB2A3 /* AppDelegate.swift in Sources */,
			);
			runOnlyForDeploymentPostprocessing = 0;
		};
		94CD361521A5C1DA006BB2A3 /* Sources */ = {
			isa = PBXSourcesBuildPhase;
			buildActionMask = 2147483647;
			files = (
				94CD361E21A5C1DA006BB2A3 /* TutorialAndTestingTests.swift in Sources */,
			);
			runOnlyForDeploymentPostprocessing = 0;
		};
		94CD362021A5C1DA006BB2A3 /* Sources */ = {
			isa = PBXSourcesBuildPhase;
			buildActionMask = 2147483647;
			files = (
				94CD362921A5C1DA006BB2A3 /* TutorialAndTestingUITests.swift in Sources */,
			);
			runOnlyForDeploymentPostprocessing = 0;
		};
/* End PBXSourcesBuildPhase section */

/* Begin PBXTargetDependency section */
		94CD361B21A5C1DA006BB2A3 /* PBXTargetDependency */ = {
			isa = PBXTargetDependency;
			target = 94CD360421A5C1D9006BB2A3 /* TutorialAndTesting */;
			targetProxy = 94CD361A21A5C1DA006BB2A3 /* PBXContainerItemProxy */;
		};
		94CD362621A5C1DA006BB2A3 /* PBXTargetDependency */ = {
			isa = PBXTargetDependency;
			target = 94CD360421A5C1D9006BB2A3 /* TutorialAndTesting */;
			targetProxy = 94CD362521A5C1DA006BB2A3 /* PBXContainerItemProxy */;
		};
/* End PBXTargetDependency section */

/* Begin PBXVariantGroup section */
		94CD360C21A5C1D9006BB2A3 /* Main.storyboard */ = {
			isa = PBXVariantGroup;
			children = (
				94CD360D21A5C1D9006BB2A3 /* Base */,
			);
			name = Main.storyboard;
			sourceTree = "<group>";
		};
		94CD361121A5C1DA006BB2A3 /* LaunchScreen.storyboard */ = {
			isa = PBXVariantGroup;
			children = (
				94CD361221A5C1DA006BB2A3 /* Base */,
			);
			name = LaunchScreen.storyboard;
			sourceTree = "<group>";
		};
/* End PBXVariantGroup section */

/* Begin XCBuildConfiguration section */
		94CD362B21A5C1DA006BB2A3 /* Debug */ = {
			isa = XCBuildConfiguration;
			buildSettings = {
				ALWAYS_SEARCH_USER_PATHS = NO;
				CLANG_ANALYZER_NONNULL = YES;
				CLANG_ANALYZER_NUMBER_OBJECT_CONVERSION = YES_AGGRESSIVE;
				CLANG_CXX_LANGUAGE_STANDARD = "gnu++14";
				CLANG_CXX_LIBRARY = "libc++";
				CLANG_ENABLE_MODULES = YES;
				CLANG_ENABLE_OBJC_ARC = YES;
				CLANG_ENABLE_OBJC_WEAK = YES;
				CLANG_WARN_BLOCK_CAPTURE_AUTORELEASING = YES;
				CLANG_WARN_BOOL_CONVERSION = YES;
				CLANG_WARN_COMMA = YES;
				CLANG_WARN_CONSTANT_CONVERSION = YES;
				CLANG_WARN_DEPRECATED_OBJC_IMPLEMENTATIONS = YES;
				CLANG_WARN_DIRECT_OBJC_ISA_USAGE = YES_ERROR;
				CLANG_WARN_DOCUMENTATION_COMMENTS = YES;
				CLANG_WARN_EMPTY_BODY = YES;
				CLANG_WARN_ENUM_CONVERSION = YES;
				CLANG_WARN_INFINITE_RECURSION = YES;
				CLANG_WARN_INT_CONVERSION = YES;
				CLANG_WARN_NON_LITERAL_NULL_CONVERSION = YES;
				CLANG_WARN_OBJC_IMPLICIT_RETAIN_SELF = YES;
				CLANG_WARN_OBJC_LITERAL_CONVERSION = YES;
				CLANG_WARN_OBJC_ROOT_CLASS = YES_ERROR;
				CLANG_WARN_RANGE_LOOP_ANALYSIS = YES;
				CLANG_WARN_STRICT_PROTOTYPES = YES;
				CLANG_WARN_SUSPICIOUS_MOVE = YES;
				CLANG_WARN_UNGUARDED_AVAILABILITY = YES_AGGRESSIVE;
				CLANG_WARN_UNREACHABLE_CODE = YES;
				CLANG_WARN__DUPLICATE_METHOD_MATCH = YES;
				CODE_SIGN_IDENTITY = "iPhone Developer";
				COPY_PHASE_STRIP = NO;
				DEBUG_INFORMATION_FORMAT = dwarf;
				ENABLE_STRICT_OBJC_MSGSEND = YES;
				ENABLE_TESTABILITY = YES;
				GCC_C_LANGUAGE_STANDARD = gnu11;
				GCC_DYNAMIC_NO_PIC = NO;
				GCC_NO_COMMON_BLOCKS = YES;
				GCC_OPTIMIZATION_LEVEL = 0;
				GCC_PREPROCESSOR_DEFINITIONS = (
					"DEBUG=1",
					"$(inherited)",
				);
				GCC_WARN_64_TO_32_BIT_CONVERSION = YES;
				GCC_WARN_ABOUT_RETURN_TYPE = YES_ERROR;
				GCC_WARN_UNDECLARED_SELECTOR = YES;
				GCC_WARN_UNINITIALIZED_AUTOS = YES_AGGRESSIVE;
				GCC_WARN_UNUSED_FUNCTION = YES;
				GCC_WARN_UNUSED_VARIABLE = YES;
				IPHONEOS_DEPLOYMENT_TARGET = 12.1;
				MTL_ENABLE_DEBUG_INFO = INCLUDE_SOURCE;
				MTL_FAST_MATH = YES;
				ONLY_ACTIVE_ARCH = YES;
				SDKROOT = iphoneos;
				SWIFT_ACTIVE_COMPILATION_CONDITIONS = DEBUG;
				SWIFT_OPTIMIZATION_LEVEL = "-Onone";
			};
			name = Debug;
		};
		94CD362C21A5C1DA006BB2A3 /* Release */ = {
			isa = XCBuildConfiguration;
			buildSettings = {
				ALWAYS_SEARCH_USER_PATHS = NO;
				CLANG_ANALYZER_NONNULL = YES;
				CLANG_ANALYZER_NUMBER_OBJECT_CONVERSION = YES_AGGRESSIVE;
				CLANG_CXX_LANGUAGE_STANDARD = "gnu++14";
				CLANG_CXX_LIBRARY = "libc++";
				CLANG_ENABLE_MODULES = YES;
				CLANG_ENABLE_OBJC_ARC = YES;
				CLANG_ENABLE_OBJC_WEAK = YES;
				CLANG_WARN_BLOCK_CAPTURE_AUTORELEASING = YES;
				CLANG_WARN_BOOL_CONVERSION = YES;
				CLANG_WARN_COMMA = YES;
				CLANG_WARN_CONSTANT_CONVERSION = YES;
				CLANG_WARN_DEPRECATED_OBJC_IMPLEMENTATIONS = YES;
				CLANG_WARN_DIRECT_OBJC_ISA_USAGE = YES_ERROR;
				CLANG_WARN_DOCUMENTATION_COMMENTS = YES;
				CLANG_WARN_EMPTY_BODY = YES;
				CLANG_WARN_ENUM_CONVERSION = YES;
				CLANG_WARN_INFINITE_RECURSION = YES;
				CLANG_WARN_INT_CONVERSION = YES;
				CLANG_WARN_NON_LITERAL_NULL_CONVERSION = YES;
				CLANG_WARN_OBJC_IMPLICIT_RETAIN_SELF = YES;
				CLANG_WARN_OBJC_LITERAL_CONVERSION = YES;
				CLANG_WARN_OBJC_ROOT_CLASS = YES_ERROR;
				CLANG_WARN_RANGE_LOOP_ANALYSIS = YES;
				CLANG_WARN_STRICT_PROTOTYPES = YES;
				CLANG_WARN_SUSPICIOUS_MOVE = YES;
				CLANG_WARN_UNGUARDED_AVAILABILITY = YES_AGGRESSIVE;
				CLANG_WARN_UNREACHABLE_CODE = YES;
				CLANG_WARN__DUPLICATE_METHOD_MATCH = YES;
				CODE_SIGN_IDENTITY = "iPhone Developer";
				COPY_PHASE_STRIP = NO;
				DEBUG_INFORMATION_FORMAT = "dwarf-with-dsym";
				ENABLE_NS_ASSERTIONS = NO;
				ENABLE_STRICT_OBJC_MSGSEND = YES;
				GCC_C_LANGUAGE_STANDARD = gnu11;
				GCC_NO_COMMON_BLOCKS = YES;
				GCC_WARN_64_TO_32_BIT_CONVERSION = YES;
				GCC_WARN_ABOUT_RETURN_TYPE = YES_ERROR;
				GCC_WARN_UNDECLARED_SELECTOR = YES;
				GCC_WARN_UNINITIALIZED_AUTOS = YES_AGGRESSIVE;
				GCC_WARN_UNUSED_FUNCTION = YES;
				GCC_WARN_UNUSED_VARIABLE = YES;
				IPHONEOS_DEPLOYMENT_TARGET = 12.1;
				MTL_ENABLE_DEBUG_INFO = NO;
				MTL_FAST_MATH = YES;
				SDKROOT = iphoneos;
				SWIFT_COMPILATION_MODE = wholemodule;
				SWIFT_OPTIMIZATION_LEVEL = "-O";
				VALIDATE_PRODUCT = YES;
			};
			name = Release;
		};
		94CD362E21A5C1DA006BB2A3 /* Debug */ = {
			isa = XCBuildConfiguration;
			buildSettings = {
				ASSETCATALOG_COMPILER_APPICON_NAME = AppIcon;
				CODE_SIGN_STYLE = Automatic;
				DEVELOPMENT_TEAM = 5JDN83SF7P;
				INFOPLIST_FILE = TutorialAndTesting/Info.plist;
				LD_RUNPATH_SEARCH_PATHS = (
					"$(inherited)",
					"@executable_path/Frameworks",
				);
				PRODUCT_BUNDLE_IDENTIFIER = didimimimi.TutorialAndTesting;
				PRODUCT_NAME = "$(TARGET_NAME)";
				SWIFT_VERSION = 4.2;
				TARGETED_DEVICE_FAMILY = "1,2";
			};
			name = Debug;
		};
		94CD362F21A5C1DA006BB2A3 /* Release */ = {
			isa = XCBuildConfiguration;
			buildSettings = {
				ASSETCATALOG_COMPILER_APPICON_NAME = AppIcon;
				CODE_SIGN_STYLE = Automatic;
				DEVELOPMENT_TEAM = 5JDN83SF7P;
				INFOPLIST_FILE = TutorialAndTesting/Info.plist;
				LD_RUNPATH_SEARCH_PATHS = (
					"$(inherited)",
					"@executable_path/Frameworks",
				);
				PRODUCT_BUNDLE_IDENTIFIER = didimimimi.TutorialAndTesting;
				PRODUCT_NAME = "$(TARGET_NAME)";
				SWIFT_VERSION = 4.2;
				TARGETED_DEVICE_FAMILY = "1,2";
			};
			name = Release;
		};
		94CD363121A5C1DA006BB2A3 /* Debug */ = {
			isa = XCBuildConfiguration;
			buildSettings = {
				ALWAYS_EMBED_SWIFT_STANDARD_LIBRARIES = YES;
				BUNDLE_LOADER = "$(TEST_HOST)";
				CODE_SIGN_STYLE = Automatic;
				DEVELOPMENT_TEAM = 5JDN83SF7P;
				INFOPLIST_FILE = TutorialAndTestingTests/Info.plist;
				LD_RUNPATH_SEARCH_PATHS = (
					"$(inherited)",
					"@executable_path/Frameworks",
					"@loader_path/Frameworks",
				);
				PRODUCT_BUNDLE_IDENTIFIER = didimimimi.TutorialAndTestingTests;
				PRODUCT_NAME = "$(TARGET_NAME)";
				SWIFT_VERSION = 4.2;
				TARGETED_DEVICE_FAMILY = "1,2";
				TEST_HOST = "$(BUILT_PRODUCTS_DIR)/TutorialAndTesting.app/TutorialAndTesting";
			};
			name = Debug;
		};
		94CD363221A5C1DA006BB2A3 /* Release */ = {
			isa = XCBuildConfiguration;
			buildSettings = {
				ALWAYS_EMBED_SWIFT_STANDARD_LIBRARIES = YES;
				BUNDLE_LOADER = "$(TEST_HOST)";
				CODE_SIGN_STYLE = Automatic;
				DEVELOPMENT_TEAM = 5JDN83SF7P;
				INFOPLIST_FILE = TutorialAndTestingTests/Info.plist;
				LD_RUNPATH_SEARCH_PATHS = (
					"$(inherited)",
					"@executable_path/Frameworks",
					"@loader_path/Frameworks",
				);
				PRODUCT_BUNDLE_IDENTIFIER = didimimimi.TutorialAndTestingTests;
				PRODUCT_NAME = "$(TARGET_NAME)";
				SWIFT_VERSION = 4.2;
				TARGETED_DEVICE_FAMILY = "1,2";
				TEST_HOST = "$(BUILT_PRODUCTS_DIR)/TutorialAndTesting.app/TutorialAndTesting";
			};
			name = Release;
		};
		94CD363421A5C1DA006BB2A3 /* Debug */ = {
			isa = XCBuildConfiguration;
			buildSettings = {
				ALWAYS_EMBED_SWIFT_STANDARD_LIBRARIES = YES;
				CODE_SIGN_STYLE = Automatic;
				DEVELOPMENT_TEAM = 5JDN83SF7P;
				INFOPLIST_FILE = TutorialAndTestingUITests/Info.plist;
				LD_RUNPATH_SEARCH_PATHS = (
					"$(inherited)",
					"@executable_path/Frameworks",
					"@loader_path/Frameworks",
				);
				PRODUCT_BUNDLE_IDENTIFIER = didimimimi.TutorialAndTestingUITests;
				PRODUCT_NAME = "$(TARGET_NAME)";
				SWIFT_VERSION = 4.2;
				TARGETED_DEVICE_FAMILY = "1,2";
				TEST_TARGET_NAME = TutorialAndTesting;
			};
			name = Debug;
		};
		94CD363521A5C1DA006BB2A3 /* Release */ = {
			isa = XCBuildConfiguration;
			buildSettings = {
				ALWAYS_EMBED_SWIFT_STANDARD_LIBRARIES = YES;
				CODE_SIGN_STYLE = Automatic;
				DEVELOPMENT_TEAM = 5JDN83SF7P;
				INFOPLIST_FILE = TutorialAndTestingUITests/Info.plist;
				LD_RUNPATH_SEARCH_PATHS = (
					"$(inherited)",
					"@executable_path/Frameworks",
					"@loader_path/Frameworks",
				);
				PRODUCT_BUNDLE_IDENTIFIER = didimimimi.TutorialAndTestingUITests;
				PRODUCT_NAME = "$(TARGET_NAME)";
				SWIFT_VERSION = 4.2;
				TARGETED_DEVICE_FAMILY = "1,2";
				TEST_TARGET_NAME = TutorialAndTesting;
			};
			name = Release;
		};
/* End XCBuildConfiguration section */

/* Begin XCConfigurationList section */
		94CD360021A5C1D9006BB2A3 /* Build configuration list for PBXProject "TutorialAndTesting" */ = {
			isa = XCConfigurationList;
			buildConfigurations = (
				94CD362B21A5C1DA006BB2A3 /* Debug */,
				94CD362C21A5C1DA006BB2A3 /* Release */,
			);
			defaultConfigurationIsVisible = 0;
			defaultConfigurationName = Release;
		};
		94CD362D21A5C1DA006BB2A3 /* Build configuration list for PBXNativeTarget "TutorialAndTesting" */ = {
			isa = XCConfigurationList;
			buildConfigurations = (
				94CD362E21A5C1DA006BB2A3 /* Debug */,
				94CD362F21A5C1DA006BB2A3 /* Release */,
			);
			defaultConfigurationIsVisible = 0;
			defaultConfigurationName = Release;
		};
		94CD363021A5C1DA006BB2A3 /* Build configuration list for PBXNativeTarget "TutorialAndTestingTests" */ = {
			isa = XCConfigurationList;
			buildConfigurations = (
				94CD363121A5C1DA006BB2A3 /* Debug */,
				94CD363221A5C1DA006BB2A3 /* Release */,
			);
			defaultConfigurationIsVisible = 0;
			defaultConfigurationName = Release;
		};
		94CD363321A5C1DA006BB2A3 /* Build configuration list for PBXNativeTarget "TutorialAndTestingUITests" */ = {
			isa = XCConfigurationList;
			buildConfigurations = (
				94CD363421A5C1DA006BB2A3 /* Debug */,
				94CD363521A5C1DA006BB2A3 /* Release */,
			);
			defaultConfigurationIsVisible = 0;
			defaultConfigurationName = Release;
		};
/* End XCConfigurationList section */
	};
	rootObject = 94CD35FD21A5C1D9006BB2A3 /* Project object */;
}
