// !$*UTF8*$!
{
	archiveVersion = 1;
	classes = {
	};
	objectVersion = 50;
	objects = {

/* Begin PBXBuildFile section */
		945A491C21A0562000F91E35 /* Playstation4PageViewController.swift in Sources */ = {isa = PBXBuildFile; fileRef = 945A491B21A0562000F91E35 /* Playstation4PageViewController.swift */; };
		945A491E21A056BA00F91E35 /* PCPageViewController.swift in Sources */ = {isa = PBXBuildFile; fileRef = 945A491D21A056BA00F91E35 /* PCPageViewController.swift */; };
		945A492021A0576900F91E35 /* NintendoSwitchPageViewController.swift in Sources */ = {isa = PBXBuildFile; fileRef = 945A491F21A0576900F91E35 /* NintendoSwitchPageViewController.swift */; };
		9464C8D7219EB1B5005143CE /* Playstation2PageViewController.swift in Sources */ = {isa = PBXBuildFile; fileRef = 9464C8D6219EB1B5005143CE /* Playstation2PageViewController.swift */; };
		9464C8DD219EC9F5005143CE /* ConsoleSelectionPageViewController.swift in Sources */ = {isa = PBXBuildFile; fileRef = 9464C8DC219EC9F5005143CE /* ConsoleSelectionPageViewController.swift */; };
		94BB0EAA219F370100DC3DAB /* Playstation3PageViewController.swift in Sources */ = {isa = PBXBuildFile; fileRef = 94BB0EA9219F370100DC3DAB /* Playstation3PageViewController.swift */; };
		94CC279D219AE6AD006D600D /* AppDelegate.swift in Sources */ = {isa = PBXBuildFile; fileRef = 94CC279C219AE6AD006D600D /* AppDelegate.swift */; };
		94CC279F219AE6AD006D600D /* ViewController.swift in Sources */ = {isa = PBXBuildFile; fileRef = 94CC279E219AE6AD006D600D /* ViewController.swift */; };
		94CC27A2219AE6AD006D600D /* Main.storyboard in Resources */ = {isa = PBXBuildFile; fileRef = 94CC27A0219AE6AD006D600D /* Main.storyboard */; };
		94CC27A4219AE6AE006D600D /* Assets.xcassets in Resources */ = {isa = PBXBuildFile; fileRef = 94CC27A3219AE6AE006D600D /* Assets.xcassets */; };
		94CC27A7219AE6AE006D600D /* LaunchScreen.storyboard in Resources */ = {isa = PBXBuildFile; fileRef = 94CC27A5219AE6AE006D600D /* LaunchScreen.storyboard */; };
		94CC27B2219AE6AE006D600D /* GamerAppAtlasTests.swift in Sources */ = {isa = PBXBuildFile; fileRef = 94CC27B1219AE6AE006D600D /* GamerAppAtlasTests.swift */; };
		94CC27BD219AE6AE006D600D /* GamerAppAtlasUITests.swift in Sources */ = {isa = PBXBuildFile; fileRef = 94CC27BC219AE6AE006D600D /* GamerAppAtlasUITests.swift */; };
		94CC27CE219AF40B006D600D /* emulogic.ttf in Resources */ = {isa = PBXBuildFile; fileRef = 94CC27CD219AE8A2006D600D /* emulogic.ttf */; };
		94CC27D0219B0798006D600D /* HomeScreenViewController.swift in Sources */ = {isa = PBXBuildFile; fileRef = 94CC27CF219B0798006D600D /* HomeScreenViewController.swift */; };
		94DF2FFA219D6EBA00A016BE /* Playstation1PageViewController.swift in Sources */ = {isa = PBXBuildFile; fileRef = 94DF2FF9219D6EB900A016BE /* Playstation1PageViewController.swift */; };
/* End PBXBuildFile section */

/* Begin PBXContainerItemProxy section */
		94CC27AE219AE6AE006D600D /* PBXContainerItemProxy */ = {
			isa = PBXContainerItemProxy;
			containerPortal = 94CC2791219AE6AD006D600D /* Project object */;
			proxyType = 1;
			remoteGlobalIDString = 94CC2798219AE6AD006D600D;
			remoteInfo = GamerAppAtlas;
		};
		94CC27B9219AE6AE006D600D /* PBXContainerItemProxy */ = {
			isa = PBXContainerItemProxy;
			containerPortal = 94CC2791219AE6AD006D600D /* Project object */;
			proxyType = 1;
			remoteGlobalIDString = 94CC2798219AE6AD006D600D;
			remoteInfo = GamerAppAtlas;
		};
/* End PBXContainerItemProxy section */

/* Begin PBXFileReference section */
		945A491B21A0562000F91E35 /* Playstation4PageViewController.swift */ = {isa = PBXFileReference; lastKnownFileType = sourcecode.swift; path = Playstation4PageViewController.swift; sourceTree = "<group>"; };
		945A491D21A056BA00F91E35 /* PCPageViewController.swift */ = {isa = PBXFileReference; lastKnownFileType = sourcecode.swift; path = PCPageViewController.swift; sourceTree = "<group>"; };
		945A491F21A0576900F91E35 /* NintendoSwitchPageViewController.swift */ = {isa = PBXFileReference; lastKnownFileType = sourcecode.swift; path = NintendoSwitchPageViewController.swift; sourceTree = "<group>"; };
		9464C8D6219EB1B5005143CE /* Playstation2PageViewController.swift */ = {isa = PBXFileReference; lastKnownFileType = sourcecode.swift; path = Playstation2PageViewController.swift; sourceTree = "<group>"; };
		9464C8DC219EC9F5005143CE /* ConsoleSelectionPageViewController.swift */ = {isa = PBXFileReference; lastKnownFileType = sourcecode.swift; path = ConsoleSelectionPageViewController.swift; sourceTree = "<group>"; };
		94BB0EA9219F370100DC3DAB /* Playstation3PageViewController.swift */ = {isa = PBXFileReference; lastKnownFileType = sourcecode.swift; path = Playstation3PageViewController.swift; sourceTree = "<group>"; };
		94CC2799219AE6AD006D600D /* GAMER.app */ = {isa = PBXFileReference; explicitFileType = wrapper.application; includeInIndex = 0; path = GAMER.app; sourceTree = BUILT_PRODUCTS_DIR; };
		94CC279C219AE6AD006D600D /* AppDelegate.swift */ = {isa = PBXFileReference; lastKnownFileType = sourcecode.swift; path = AppDelegate.swift; sourceTree = "<group>"; };
		94CC279E219AE6AD006D600D /* ViewController.swift */ = {isa = PBXFileReference; lastKnownFileType = sourcecode.swift; path = ViewController.swift; sourceTree = "<group>"; };
		94CC27A1219AE6AD006D600D /* Base */ = {isa = PBXFileReference; lastKnownFileType = file.storyboard; name = Base; path = Base.lproj/Main.storyboard; sourceTree = "<group>"; };
		94CC27A3219AE6AE006D600D /* Assets.xcassets */ = {isa = PBXFileReference; lastKnownFileType = folder.assetcatalog; path = Assets.xcassets; sourceTree = "<group>"; };
		94CC27A6219AE6AE006D600D /* Base */ = {isa = PBXFileReference; lastKnownFileType = file.storyboard; name = Base; path = Base.lproj/LaunchScreen.storyboard; sourceTree = "<group>"; };
		94CC27A8219AE6AE006D600D /* Info.plist */ = {isa = PBXFileReference; lastKnownFileType = text.plist.xml; path = Info.plist; sourceTree = "<group>"; };
		94CC27AD219AE6AE006D600D /* GAMERTests.xctest */ = {isa = PBXFileReference; explicitFileType = wrapper.cfbundle; includeInIndex = 0; path = GAMERTests.xctest; sourceTree = BUILT_PRODUCTS_DIR; };
		94CC27B1219AE6AE006D600D /* GamerAppAtlasTests.swift */ = {isa = PBXFileReference; lastKnownFileType = sourcecode.swift; path = GamerAppAtlasTests.swift; sourceTree = "<group>"; };
		94CC27B3219AE6AE006D600D /* Info.plist */ = {isa = PBXFileReference; lastKnownFileType = text.plist.xml; path = Info.plist; sourceTree = "<group>"; };
		94CC27B8219AE6AE006D600D /* GAMERUITests.xctest */ = {isa = PBXFileReference; explicitFileType = wrapper.cfbundle; includeInIndex = 0; path = GAMERUITests.xctest; sourceTree = BUILT_PRODUCTS_DIR; };
		94CC27BC219AE6AE006D600D /* GamerAppAtlasUITests.swift */ = {isa = PBXFileReference; lastKnownFileType = sourcecode.swift; path = GamerAppAtlasUITests.swift; sourceTree = "<group>"; };
		94CC27BE219AE6AE006D600D /* Info.plist */ = {isa = PBXFileReference; lastKnownFileType = text.plist.xml; path = Info.plist; sourceTree = "<group>"; };
		94CC27CD219AE8A2006D600D /* emulogic.ttf */ = {isa = PBXFileReference; lastKnownFileType = file; path = emulogic.ttf; sourceTree = "<group>"; };
		94CC27CF219B0798006D600D /* HomeScreenViewController.swift */ = {isa = PBXFileReference; lastKnownFileType = sourcecode.swift; path = HomeScreenViewController.swift; sourceTree = "<group>"; };
		94DF2FF9219D6EB900A016BE /* Playstation1PageViewController.swift */ = {isa = PBXFileReference; lastKnownFileType = sourcecode.swift; path = Playstation1PageViewController.swift; sourceTree = "<group>"; };
/* End PBXFileReference section */

/* Begin PBXFrameworksBuildPhase section */
		94CC2796219AE6AD006D600D /* Frameworks */ = {
			isa = PBXFrameworksBuildPhase;
			buildActionMask = 2147483647;
			files = (
			);
			runOnlyForDeploymentPostprocessing = 0;
		};
		94CC27AA219AE6AE006D600D /* Frameworks */ = {
			isa = PBXFrameworksBuildPhase;
			buildActionMask = 2147483647;
			files = (
			);
			runOnlyForDeploymentPostprocessing = 0;
		};
		94CC27B5219AE6AE006D600D /* Frameworks */ = {
			isa = PBXFrameworksBuildPhase;
			buildActionMask = 2147483647;
			files = (
			);
			runOnlyForDeploymentPostprocessing = 0;
		};
/* End PBXFrameworksBuildPhase section */

/* Begin PBXGroup section */
		94CC2790219AE6AD006D600D = {
			isa = PBXGroup;
			children = (
				94CC279B219AE6AD006D600D /* GamerAppAtlas */,
				94CC27B0219AE6AE006D600D /* GamerAppAtlasTests */,
				94CC27BB219AE6AE006D600D /* GamerAppAtlasUITests */,
				94CC279A219AE6AD006D600D /* Products */,
			);
			sourceTree = "<group>";
		};
		94CC279A219AE6AD006D600D /* Products */ = {
			isa = PBXGroup;
			children = (
				94CC2799219AE6AD006D600D /* GAMER.app */,
				94CC27AD219AE6AE006D600D /* GAMERTests.xctest */,
				94CC27B8219AE6AE006D600D /* GAMERUITests.xctest */,
			);
			name = Products;
			sourceTree = "<group>";
		};
		94CC279B219AE6AD006D600D /* GamerAppAtlas */ = {
			isa = PBXGroup;
			children = (
				94CC279C219AE6AD006D600D /* AppDelegate.swift */,
				94CC279E219AE6AD006D600D /* ViewController.swift */,
				94CC27A0219AE6AD006D600D /* Main.storyboard */,
				945A491F21A0576900F91E35 /* NintendoSwitchPageViewController.swift */,
				945A491D21A056BA00F91E35 /* PCPageViewController.swift */,
				945A491B21A0562000F91E35 /* Playstation4PageViewController.swift */,
				9464C8DC219EC9F5005143CE /* ConsoleSelectionPageViewController.swift */,
				94DF2FF9219D6EB900A016BE /* Playstation1PageViewController.swift */,
				94BB0EA9219F370100DC3DAB /* Playstation3PageViewController.swift */,
				9464C8D6219EB1B5005143CE /* Playstation2PageViewController.swift */,
				94CC27CF219B0798006D600D /* HomeScreenViewController.swift */,
				94CC27CD219AE8A2006D600D /* emulogic.ttf */,
				94CC27A3219AE6AE006D600D /* Assets.xcassets */,
				94CC27A5219AE6AE006D600D /* LaunchScreen.storyboard */,
				94CC27A8219AE6AE006D600D /* Info.plist */,
			);
			path = GamerAppAtlas;
			sourceTree = "<group>";
		};
		94CC27B0219AE6AE006D600D /* GamerAppAtlasTests */ = {
			isa = PBXGroup;
			children = (
				94CC27B1219AE6AE006D600D /* GamerAppAtlasTests.swift */,
				94CC27B3219AE6AE006D600D /* Info.plist */,
			);
			path = GamerAppAtlasTests;
			sourceTree = "<group>";
		};
		94CC27BB219AE6AE006D600D /* GamerAppAtlasUITests */ = {
			isa = PBXGroup;
			children = (
				94CC27BC219AE6AE006D600D /* GamerAppAtlasUITests.swift */,
				94CC27BE219AE6AE006D600D /* Info.plist */,
			);
			path = GamerAppAtlasUITests;
			sourceTree = "<group>";
		};
/* End PBXGroup section */

/* Begin PBXNativeTarget section */
		94CC2798219AE6AD006D600D /* GAMER */ = {
			isa = PBXNativeTarget;
			buildConfigurationList = 94CC27C1219AE6AE006D600D /* Build configuration list for PBXNativeTarget "GAMER" */;
			buildPhases = (
				94CC2795219AE6AD006D600D /* Sources */,
				94CC2796219AE6AD006D600D /* Frameworks */,
				94CC2797219AE6AD006D600D /* Resources */,
			);
			buildRules = (
			);
			dependencies = (
			);
			name = GAMER;
			productName = GamerAppAtlas;
			productReference = 94CC2799219AE6AD006D600D /* GAMER.app */;
			productType = "com.apple.product-type.application";
		};
		94CC27AC219AE6AE006D600D /* GAMERTests */ = {
			isa = PBXNativeTarget;
			buildConfigurationList = 94CC27C4219AE6AE006D600D /* Build configuration list for PBXNativeTarget "GAMERTests" */;
			buildPhases = (
				94CC27A9219AE6AE006D600D /* Sources */,
				94CC27AA219AE6AE006D600D /* Frameworks */,
				94CC27AB219AE6AE006D600D /* Resources */,
			);
			buildRules = (
			);
			dependencies = (
				94CC27AF219AE6AE006D600D /* PBXTargetDependency */,
			);
			name = GAMERTests;
			productName = GamerAppAtlasTests;
			productReference = 94CC27AD219AE6AE006D600D /* GAMERTests.xctest */;
			productType = "com.apple.product-type.bundle.unit-test";
		};
		94CC27B7219AE6AE006D600D /* GAMERUITests */ = {
			isa = PBXNativeTarget;
			buildConfigurationList = 94CC27C7219AE6AE006D600D /* Build configuration list for PBXNativeTarget "GAMERUITests" */;
			buildPhases = (
				94CC27B4219AE6AE006D600D /* Sources */,
				94CC27B5219AE6AE006D600D /* Frameworks */,
				94CC27B6219AE6AE006D600D /* Resources */,
			);
			buildRules = (
			);
			dependencies = (
				94CC27BA219AE6AE006D600D /* PBXTargetDependency */,
			);
			name = GAMERUITests;
			productName = GamerAppAtlasUITests;
			productReference = 94CC27B8219AE6AE006D600D /* GAMERUITests.xctest */;
			productType = "com.apple.product-type.bundle.ui-testing";
		};
/* End PBXNativeTarget section */

/* Begin PBXProject section */
		94CC2791219AE6AD006D600D /* Project object */ = {
			isa = PBXProject;
			attributes = {
				LastSwiftUpdateCheck = 1010;
				LastUpgradeCheck = 1010;
				ORGANIZATIONNAME = "Dimitris Tasios";
				TargetAttributes = {
					94CC2798219AE6AD006D600D = {
						CreatedOnToolsVersion = 10.1;
					};
					94CC27AC219AE6AE006D600D = {
						CreatedOnToolsVersion = 10.1;
						TestTargetID = 94CC2798219AE6AD006D600D;
					};
					94CC27B7219AE6AE006D600D = {
						CreatedOnToolsVersion = 10.1;
						TestTargetID = 94CC2798219AE6AD006D600D;
					};
				};
			};
			buildConfigurationList = 94CC2794219AE6AD006D600D /* Build configuration list for PBXProject "GAMER" */;
			compatibilityVersion = "Xcode 9.3";
			developmentRegion = en;
			hasScannedForEncodings = 0;
			knownRegions = (
				en,
				Base,
			);
			mainGroup = 94CC2790219AE6AD006D600D;
			productRefGroup = 94CC279A219AE6AD006D600D /* Products */;
			projectDirPath = "";
			projectRoot = "";
			targets = (
				94CC2798219AE6AD006D600D /* GAMER */,
				94CC27AC219AE6AE006D600D /* GAMERTests */,
				94CC27B7219AE6AE006D600D /* GAMERUITests */,
			);
		};
/* End PBXProject section */

/* Begin PBXResourcesBuildPhase section */
		94CC2797219AE6AD006D600D /* Resources */ = {
			isa = PBXResourcesBuildPhase;
			buildActionMask = 2147483647;
			files = (
				94CC27CE219AF40B006D600D /* emulogic.ttf in Resources */,
				94CC27A7219AE6AE006D600D /* LaunchScreen.storyboard in Resources */,
				94CC27A4219AE6AE006D600D /* Assets.xcassets in Resources */,
				94CC27A2219AE6AD006D600D /* Main.storyboard in Resources */,
			);
			runOnlyForDeploymentPostprocessing = 0;
		};
		94CC27AB219AE6AE006D600D /* Resources */ = {
			isa = PBXResourcesBuildPhase;
			buildActionMask = 2147483647;
			files = (
			);
			runOnlyForDeploymentPostprocessing = 0;
		};
		94CC27B6219AE6AE006D600D /* Resources */ = {
			isa = PBXResourcesBuildPhase;
			buildActionMask = 2147483647;
			files = (
			);
			runOnlyForDeploymentPostprocessing = 0;
		};
/* End PBXResourcesBuildPhase section */

/* Begin PBXSourcesBuildPhase section */
		94CC2795219AE6AD006D600D /* Sources */ = {
			isa = PBXSourcesBuildPhase;
			buildActionMask = 2147483647;
			files = (
				945A491E21A056BA00F91E35 /* PCPageViewController.swift in Sources */,
				9464C8DD219EC9F5005143CE /* ConsoleSelectionPageViewController.swift in Sources */,
				945A492021A0576900F91E35 /* NintendoSwitchPageViewController.swift in Sources */,
				94CC279F219AE6AD006D600D /* ViewController.swift in Sources */,
				9464C8D7219EB1B5005143CE /* Playstation2PageViewController.swift in Sources */,
				94CC279D219AE6AD006D600D /* AppDelegate.swift in Sources */,
				945A491C21A0562000F91E35 /* Playstation4PageViewController.swift in Sources */,
				94DF2FFA219D6EBA00A016BE /* Playstation1PageViewController.swift in Sources */,
				94CC27D0219B0798006D600D /* HomeScreenViewController.swift in Sources */,
				94BB0EAA219F370100DC3DAB /* Playstation3PageViewController.swift in Sources */,
			);
			runOnlyForDeploymentPostprocessing = 0;
		};
		94CC27A9219AE6AE006D600D /* Sources */ = {
			isa = PBXSourcesBuildPhase;
			buildActionMask = 2147483647;
			files = (
				94CC27B2219AE6AE006D600D /* GamerAppAtlasTests.swift in Sources */,
			);
			runOnlyForDeploymentPostprocessing = 0;
		};
		94CC27B4219AE6AE006D600D /* Sources */ = {
			isa = PBXSourcesBuildPhase;
			buildActionMask = 2147483647;
			files = (
				94CC27BD219AE6AE006D600D /* GamerAppAtlasUITests.swift in Sources */,
			);
			runOnlyForDeploymentPostprocessing = 0;
		};
/* End PBXSourcesBuildPhase section */

/* Begin PBXTargetDependency section */
		94CC27AF219AE6AE006D600D /* PBXTargetDependency */ = {
			isa = PBXTargetDependency;
			target = 94CC2798219AE6AD006D600D /* GAMER */;
			targetProxy = 94CC27AE219AE6AE006D600D /* PBXContainerItemProxy */;
		};
		94CC27BA219AE6AE006D600D /* PBXTargetDependency */ = {
			isa = PBXTargetDependency;
			target = 94CC2798219AE6AD006D600D /* GAMER */;
			targetProxy = 94CC27B9219AE6AE006D600D /* PBXContainerItemProxy */;
		};
/* End PBXTargetDependency section */

/* Begin PBXVariantGroup section */
		94CC27A0219AE6AD006D600D /* Main.storyboard */ = {
			isa = PBXVariantGroup;
			children = (
				94CC27A1219AE6AD006D600D /* Base */,
			);
			name = Main.storyboard;
			sourceTree = "<group>";
		};
		94CC27A5219AE6AE006D600D /* LaunchScreen.storyboard */ = {
			isa = PBXVariantGroup;
			children = (
				94CC27A6219AE6AE006D600D /* Base */,
			);
			name = LaunchScreen.storyboard;
			sourceTree = "<group>";
		};
/* End PBXVariantGroup section */

/* Begin XCBuildConfiguration section */
		94CC27BF219AE6AE006D600D /* Debug */ = {
			isa = XCBuildConfiguration;
			buildSettings = {
				ALWAYS_SEARCH_USER_PATHS = NO;
				CLANG_ANALYZER_NONNULL = YES;
				CLANG_ANALYZER_NUMBER_OBJECT_CONVERSION = YES_AGGRESSIVE;
				CLANG_CXX_LANGUAGE_STANDARD = "gnu++14";
				CLANG_CXX_LIBRARY = "libc++";
				CLANG_ENABLE_MODULES = YES;
				CLANG_ENABLE_OBJC_ARC = YES;
				CLANG_ENABLE_OBJC_WEAK = YES;
				CLANG_WARN_BLOCK_CAPTURE_AUTORELEASING = YES;
				CLANG_WARN_BOOL_CONVERSION = YES;
				CLANG_WARN_COMMA = YES;
				CLANG_WARN_CONSTANT_CONVERSION = YES;
				CLANG_WARN_DEPRECATED_OBJC_IMPLEMENTATIONS = YES;
				CLANG_WARN_DIRECT_OBJC_ISA_USAGE = YES_ERROR;
				CLANG_WARN_DOCUMENTATION_COMMENTS = YES;
				CLANG_WARN_EMPTY_BODY = YES;
				CLANG_WARN_ENUM_CONVERSION = YES;
				CLANG_WARN_INFINITE_RECURSION = YES;
				CLANG_WARN_INT_CONVERSION = YES;
				CLANG_WARN_NON_LITERAL_NULL_CONVERSION = YES;
				CLANG_WARN_OBJC_IMPLICIT_RETAIN_SELF = YES;
				CLANG_WARN_OBJC_LITERAL_CONVERSION = YES;
				CLANG_WARN_OBJC_ROOT_CLASS = YES_ERROR;
				CLANG_WARN_RANGE_LOOP_ANALYSIS = YES;
				CLANG_WARN_STRICT_PROTOTYPES = YES;
				CLANG_WARN_SUSPICIOUS_MOVE = YES;
				CLANG_WARN_UNGUARDED_AVAILABILITY = YES_AGGRESSIVE;
				CLANG_WARN_UNREACHABLE_CODE = YES;
				CLANG_WARN__DUPLICATE_METHOD_MATCH = YES;
				CODE_SIGN_IDENTITY = "iPhone Developer";
				COPY_PHASE_STRIP = NO;
				DEBUG_INFORMATION_FORMAT = dwarf;
				ENABLE_STRICT_OBJC_MSGSEND = YES;
				ENABLE_TESTABILITY = YES;
				GCC_C_LANGUAGE_STANDARD = gnu11;
				GCC_DYNAMIC_NO_PIC = NO;
				GCC_NO_COMMON_BLOCKS = YES;
				GCC_OPTIMIZATION_LEVEL = 0;
				GCC_PREPROCESSOR_DEFINITIONS = (
					"DEBUG=1",
					"$(inherited)",
				);
				GCC_WARN_64_TO_32_BIT_CONVERSION = YES;
				GCC_WARN_ABOUT_RETURN_TYPE = YES_ERROR;
				GCC_WARN_UNDECLARED_SELECTOR = YES;
				GCC_WARN_UNINITIALIZED_AUTOS = YES_AGGRESSIVE;
				GCC_WARN_UNUSED_FUNCTION = YES;
				GCC_WARN_UNUSED_VARIABLE = YES;
				IPHONEOS_DEPLOYMENT_TARGET = 12.1;
				MTL_ENABLE_DEBUG_INFO = INCLUDE_SOURCE;
				MTL_FAST_MATH = YES;
				ONLY_ACTIVE_ARCH = YES;
				SDKROOT = iphoneos;
				SWIFT_ACTIVE_COMPILATION_CONDITIONS = DEBUG;
				SWIFT_OPTIMIZATION_LEVEL = "-Onone";
			};
			name = Debug;
		};
		94CC27C0219AE6AE006D600D /* Release */ = {
			isa = XCBuildConfiguration;
			buildSettings = {
				ALWAYS_SEARCH_USER_PATHS = NO;
				CLANG_ANALYZER_NONNULL = YES;
				CLANG_ANALYZER_NUMBER_OBJECT_CONVERSION = YES_AGGRESSIVE;
				CLANG_CXX_LANGUAGE_STANDARD = "gnu++14";
				CLANG_CXX_LIBRARY = "libc++";
				CLANG_ENABLE_MODULES = YES;
				CLANG_ENABLE_OBJC_ARC = YES;
				CLANG_ENABLE_OBJC_WEAK = YES;
				CLANG_WARN_BLOCK_CAPTURE_AUTORELEASING = YES;
				CLANG_WARN_BOOL_CONVERSION = YES;
				CLANG_WARN_COMMA = YES;
				CLANG_WARN_CONSTANT_CONVERSION = YES;
				CLANG_WARN_DEPRECATED_OBJC_IMPLEMENTATIONS = YES;
				CLANG_WARN_DIRECT_OBJC_ISA_USAGE = YES_ERROR;
				CLANG_WARN_DOCUMENTATION_COMMENTS = YES;
				CLANG_WARN_EMPTY_BODY = YES;
				CLANG_WARN_ENUM_CONVERSION = YES;
				CLANG_WARN_INFINITE_RECURSION = YES;
				CLANG_WARN_INT_CONVERSION = YES;
				CLANG_WARN_NON_LITERAL_NULL_CONVERSION = YES;
				CLANG_WARN_OBJC_IMPLICIT_RETAIN_SELF = YES;
				CLANG_WARN_OBJC_LITERAL_CONVERSION = YES;
				CLANG_WARN_OBJC_ROOT_CLASS = YES_ERROR;
				CLANG_WARN_RANGE_LOOP_ANALYSIS = YES;
				CLANG_WARN_STRICT_PROTOTYPES = YES;
				CLANG_WARN_SUSPICIOUS_MOVE = YES;
				CLANG_WARN_UNGUARDED_AVAILABILITY = YES_AGGRESSIVE;
				CLANG_WARN_UNREACHABLE_CODE = YES;
				CLANG_WARN__DUPLICATE_METHOD_MATCH = YES;
				CODE_SIGN_IDENTITY = "iPhone Developer";
				COPY_PHASE_STRIP = NO;
				DEBUG_INFORMATION_FORMAT = "dwarf-with-dsym";
				ENABLE_NS_ASSERTIONS = NO;
				ENABLE_STRICT_OBJC_MSGSEND = YES;
				GCC_C_LANGUAGE_STANDARD = gnu11;
				GCC_NO_COMMON_BLOCKS = YES;
				GCC_WARN_64_TO_32_BIT_CONVERSION = YES;
				GCC_WARN_ABOUT_RETURN_TYPE = YES_ERROR;
				GCC_WARN_UNDECLARED_SELECTOR = YES;
				GCC_WARN_UNINITIALIZED_AUTOS = YES_AGGRESSIVE;
				GCC_WARN_UNUSED_FUNCTION = YES;
				GCC_WARN_UNUSED_VARIABLE = YES;
				IPHONEOS_DEPLOYMENT_TARGET = 12.1;
				MTL_ENABLE_DEBUG_INFO = NO;
				MTL_FAST_MATH = YES;
				SDKROOT = iphoneos;
				SWIFT_COMPILATION_MODE = wholemodule;
				SWIFT_OPTIMIZATION_LEVEL = "-O";
				VALIDATE_PRODUCT = YES;
			};
			name = Release;
		};
		94CC27C2219AE6AE006D600D /* Debug */ = {
			isa = XCBuildConfiguration;
			buildSettings = {
				ASSETCATALOG_COMPILER_APPICON_NAME = AppIcon;
				CODE_SIGN_STYLE = Automatic;
				DEVELOPMENT_TEAM = 5JDN83SF7P;
				INFOPLIST_FILE = GamerAppAtlas/Info.plist;
				LD_RUNPATH_SEARCH_PATHS = (
					"$(inherited)",
					"@executable_path/Frameworks",
				);
				PRODUCT_BUNDLE_IDENTIFIER = didimimimi.GAMER;
				PRODUCT_NAME = "$(TARGET_NAME)";
				SWIFT_VERSION = 4.2;
				TARGETED_DEVICE_FAMILY = "1,2";
			};
			name = Debug;
		};
		94CC27C3219AE6AE006D600D /* Release */ = {
			isa = XCBuildConfiguration;
			buildSettings = {
				ASSETCATALOG_COMPILER_APPICON_NAME = AppIcon;
				CODE_SIGN_STYLE = Automatic;
				DEVELOPMENT_TEAM = 5JDN83SF7P;
				INFOPLIST_FILE = GamerAppAtlas/Info.plist;
				LD_RUNPATH_SEARCH_PATHS = (
					"$(inherited)",
					"@executable_path/Frameworks",
				);
				PRODUCT_BUNDLE_IDENTIFIER = didimimimi.GAMER;
				PRODUCT_NAME = "$(TARGET_NAME)";
				SWIFT_VERSION = 4.2;
				TARGETED_DEVICE_FAMILY = "1,2";
			};
			name = Release;
		};
		94CC27C5219AE6AE006D600D /* Debug */ = {
			isa = XCBuildConfiguration;
			buildSettings = {
				ALWAYS_EMBED_SWIFT_STANDARD_LIBRARIES = YES;
				BUNDLE_LOADER = "$(TEST_HOST)";
				CODE_SIGN_STYLE = Automatic;
				DEVELOPMENT_TEAM = 5JDN83SF7P;
				INFOPLIST_FILE = GamerAppAtlasTests/Info.plist;
				LD_RUNPATH_SEARCH_PATHS = (
					"$(inherited)",
					"@executable_path/Frameworks",
					"@loader_path/Frameworks",
				);
				PRODUCT_BUNDLE_IDENTIFIER = didimimimi.GamerAppAtlasTests;
				PRODUCT_NAME = "$(TARGET_NAME)";
				SWIFT_VERSION = 4.2;
				TARGETED_DEVICE_FAMILY = "1,2";
				TEST_HOST = "$(BUILT_PRODUCTS_DIR)/GAMER.app/GAMER";
			};
			name = Debug;
		};
		94CC27C6219AE6AE006D600D /* Release */ = {
			isa = XCBuildConfiguration;
			buildSettings = {
				ALWAYS_EMBED_SWIFT_STANDARD_LIBRARIES = YES;
				BUNDLE_LOADER = "$(TEST_HOST)";
				CODE_SIGN_STYLE = Automatic;
				DEVELOPMENT_TEAM = 5JDN83SF7P;
				INFOPLIST_FILE = GamerAppAtlasTests/Info.plist;
				LD_RUNPATH_SEARCH_PATHS = (
					"$(inherited)",
					"@executable_path/Frameworks",
					"@loader_path/Frameworks",
				);
				PRODUCT_BUNDLE_IDENTIFIER = didimimimi.GamerAppAtlasTests;
				PRODUCT_NAME = "$(TARGET_NAME)";
				SWIFT_VERSION = 4.2;
				TARGETED_DEVICE_FAMILY = "1,2";
				TEST_HOST = "$(BUILT_PRODUCTS_DIR)/GAMER.app/GAMER";
			};
			name = Release;
		};
		94CC27C8219AE6AE006D600D /* Debug */ = {
			isa = XCBuildConfiguration;
			buildSettings = {
				ALWAYS_EMBED_SWIFT_STANDARD_LIBRARIES = YES;
				CODE_SIGN_STYLE = Automatic;
				DEVELOPMENT_TEAM = 5JDN83SF7P;
				INFOPLIST_FILE = GamerAppAtlasUITests/Info.plist;
				LD_RUNPATH_SEARCH_PATHS = (
					"$(inherited)",
					"@executable_path/Frameworks",
					"@loader_path/Frameworks",
				);
				PRODUCT_BUNDLE_IDENTIFIER = didimimimi.GamerAppAtlasUITests;
				PRODUCT_NAME = "$(TARGET_NAME)";
				SWIFT_VERSION = 4.2;
				TARGETED_DEVICE_FAMILY = "1,2";
				TEST_TARGET_NAME = GamerAppAtlas;
			};
			name = Debug;
		};
		94CC27C9219AE6AE006D600D /* Release */ = {
			isa = XCBuildConfiguration;
			buildSettings = {
				ALWAYS_EMBED_SWIFT_STANDARD_LIBRARIES = YES;
				CODE_SIGN_STYLE = Automatic;
				DEVELOPMENT_TEAM = 5JDN83SF7P;
				INFOPLIST_FILE = GamerAppAtlasUITests/Info.plist;
				LD_RUNPATH_SEARCH_PATHS = (
					"$(inherited)",
					"@executable_path/Frameworks",
					"@loader_path/Frameworks",
				);
				PRODUCT_BUNDLE_IDENTIFIER = didimimimi.GamerAppAtlasUITests;
				PRODUCT_NAME = "$(TARGET_NAME)";
				SWIFT_VERSION = 4.2;
				TARGETED_DEVICE_FAMILY = "1,2";
				TEST_TARGET_NAME = GamerAppAtlas;
			};
			name = Release;
		};
/* End XCBuildConfiguration section */

/* Begin XCConfigurationList section */
		94CC2794219AE6AD006D600D /* Build configuration list for PBXProject "GAMER" */ = {
			isa = XCConfigurationList;
			buildConfigurations = (
				94CC27BF219AE6AE006D600D /* Debug */,
				94CC27C0219AE6AE006D600D /* Release */,
			);
			defaultConfigurationIsVisible = 0;
			defaultConfigurationName = Release;
		};
		94CC27C1219AE6AE006D600D /* Build configuration list for PBXNativeTarget "GAMER" */ = {
			isa = XCConfigurationList;
			buildConfigurations = (
				94CC27C2219AE6AE006D600D /* Debug */,
				94CC27C3219AE6AE006D600D /* Release */,
			);
			defaultConfigurationIsVisible = 0;
			defaultConfigurationName = Release;
		};
		94CC27C4219AE6AE006D600D /* Build configuration list for PBXNativeTarget "GAMERTests" */ = {
			isa = XCConfigurationList;
			buildConfigurations = (
				94CC27C5219AE6AE006D600D /* Debug */,
				94CC27C6219AE6AE006D600D /* Release */,
			);
			defaultConfigurationIsVisible = 0;
			defaultConfigurationName = Release;
		};
		94CC27C7219AE6AE006D600D /* Build configuration list for PBXNativeTarget "GAMERUITests" */ = {
			isa = XCConfigurationList;
			buildConfigurations = (
				94CC27C8219AE6AE006D600D /* Debug */,
				94CC27C9219AE6AE006D600D /* Release */,
			);
			defaultConfigurationIsVisible = 0;
			defaultConfigurationName = Release;
		};
/* End XCConfigurationList section */
	};
	rootObject = 94CC2791219AE6AD006D600D /* Project object */;
}
